<?xml version="1.0" encoding="utf-8"?>
<Project ToolsVersion="16.0" xmlns="http://schemas.microsoft.com/developer/msbuild/2003">
  <ItemGroup>
    <ClCompile Include="D:\file-transfer-system\file-transfer-system\file-transfer-system\source\main.cpp">
      <Filter>Source Files</Filter>
    </ClCompile>
  </ItemGroup>
  <ItemGroup>
    <CustomBuild Include="D:\file-transfer-system\file-transfer-system\file-transfer-system\source\CMakeLists.txt" />
  </ItemGroup>
  <ItemGroup>
    <Filter Include="Source Files">
      <UniqueIdentifier>{3E474D79-240B-3C17-BFBB-5745E96C23F6}</UniqueIdentifier>
    </Filter>
  </ItemGroup>
</Project>
